
Microsoft Visual Studio Solution File, Format Version 12.00
# Visual Studio Version 16
VisualStudioVersion = 16.0.31321.278
MinimumVisualStudioVersion = 10.0.40219.1
Project("{FAE04EC0-301F-11D3-BF4B-00C04F79EFBC}") = "eTickets", "eTickets\eTickets.csproj", "{1067E162-E43B-4316-AE0A-F7C1610E322A}"
EndProject
Global
	GlobalSection(SolutionConfigurationPlatforms) = preSolution
		Debug|Any CPU = Debug|Any CPU
		Release|Any CPU = Release|Any CPU
	EndGlobalSection
	GlobalSection(ProjectConfigurationPlatforms) = postSolution
		{1067E162-E43B-4316-AE0A-F7C1610E322A}.Debug|Any CPU.ActiveCfg = Debug|Any CPU
		{1067E162-E43B-4316-AE0A-F7C1610E322A}.Debug|Any CPU.Build.0 = Debug|Any CPU
		{1067E162-E43B-4316-AE0A-F7C1610E322A}.Release|Any CPU.ActiveCfg = Release|Any CPU
		{1067E162-E43B-4316-AE0A-F7C1610E322A}.Release|Any CPU.Build.0 = Release|Any CPU
	EndGlobalSection
	GlobalSection(SolutionProperties) = preSolution
		HideSolutionNode = FALSE
	EndGlobalSection
	GlobalSection(ExtensibilityGlobals) = postSolution
		SolutionGuid = {B4947946-8ABB-4C25-ACD7-5C4B0DA33B41}
	EndGlobalSection
EndGlobal
